{
  "name": "VirtualQueue",
  "lockfileVersion": 2,
  "requires": true,
  "packages": {
    "": {
      "devDependencies": {
        "@types/stompjs": "^2.3.5"
      }
    },
    "node_modules/@types/node": {
      "version": "17.0.29",
      "resolved": "https://registry.npmjs.org/@types/node/-/node-17.0.29.tgz",
      "integrity": "sha512-tx5jMmMFwx7wBwq/V7OohKDVb/JwJU5qCVkeLMh1//xycAJ/ESuw9aJ9SEtlCZDYi2pBfe4JkisSoAtbOsBNAA==",
      "dev": true
    },
    "node_modules/@types/stompjs": {
      "version": "2.3.5",
      "resolved": "https://registry.npmjs.org/@types/stompjs/-/stompjs-2.3.5.tgz",
      "integrity": "sha512-0WkL8RlB1uuZt8XJEdnwdFdV5RIFcQw9UhNQfTpiJYcjqC6QQpFqc5YcIrlH+K/843EGJVIaOFANjs7u7bmTlw==",
      "dev": true,
      "dependencies": {
        "@types/node": "*"
      }
    }
  },
  "dependencies": {
    "@types/node": {
      "version": "17.0.29",
      "resolved": "https://registry.npmjs.org/@types/node/-/node-17.0.29.tgz",
      "integrity": "sha512-tx5jMmMFwx7wBwq/V7OohKDVb/JwJU5qCVkeLMh1//xycAJ/ESuw9aJ9SEtlCZDYi2pBfe4JkisSoAtbOsBNAA==",
      "dev": true
    },
    "@types/stompjs": {
      "version": "2.3.5",
      "resolved": "https://registry.npmjs.org/@types/stompjs/-/stompjs-2.3.5.tgz",
      "integrity": "sha512-0WkL8RlB1uuZt8XJEdnwdFdV5RIFcQw9UhNQfTpiJYcjqC6QQpFqc5YcIrlH+K/843EGJVIaOFANjs7u7bmTlw==",
      "dev": true,
      "requires": {
        "@types/node": "*"
      }
    }
  }
}
